
Microsoft Visual Studio Solution File, Format Version 12.00
# Visual Studio 15
VisualStudioVersion = 15.0.27703.2018
MinimumVisualStudioVersion = 10.0.40219.1
Project("{FAE04EC0-301F-11D3-BF4B-00C04F79EFBC}") = "SIPlogSplunk", "SIPlogSplunk\SIPlogSplunk.csproj", "{3DB87C9B-BF27-4EC5-9DC0-EC91D1B0ADDD}"
EndProject
Global
	GlobalSection(SolutionConfigurationPlatforms) = preSolution
		Debug|Any CPU = Debug|Any CPU
		Release|Any CPU = Release|Any CPU
	EndGlobalSection
	GlobalSection(ProjectConfigurationPlatforms) = postSolution
		{3DB87C9B-BF27-4EC5-9DC0-EC91D1B0ADDD}.Debug|Any CPU.ActiveCfg = Debug|Any CPU
		{3DB87C9B-BF27-4EC5-9DC0-EC91D1B0ADDD}.Debug|Any CPU.Build.0 = Debug|Any CPU
		{3DB87C9B-BF27-4EC5-9DC0-EC91D1B0ADDD}.Release|Any CPU.ActiveCfg = Release|Any CPU
		{3DB87C9B-BF27-4EC5-9DC0-EC91D1B0ADDD}.Release|Any CPU.Build.0 = Release|Any CPU
	EndGlobalSection
	GlobalSection(SolutionProperties) = preSolution
		HideSolutionNode = FALSE
	EndGlobalSection
	GlobalSection(ExtensibilityGlobals) = postSolution
		SolutionGuid = {67741812-7285-4E87-8EE3-2F548BAE3FC4}
	EndGlobalSection
EndGlobal
